
Microsoft Visual Studio Solution File, Format Version 12.00
# Visual Studio Version 16
VisualStudioVersion = 16.0.30225.117
MinimumVisualStudioVersion = 10.0.40219.1
Project("{FAE04EC0-301F-11D3-BF4B-00C04F79EFBC}") = "CrackingCodeChapter1", "CrackingCodeChapter1\CrackingCodeChapter1.csproj", "{D7ABFF85-34C3-4713-8F5E-957255CDB537}"
EndProject
Global
	GlobalSection(SolutionConfigurationPlatforms) = preSolution
		Debug|Any CPU = Debug|Any CPU
		Release|Any CPU = Release|Any CPU
	EndGlobalSection
	GlobalSection(ProjectConfigurationPlatforms) = postSolution
		{D7ABFF85-34C3-4713-8F5E-957255CDB537}.Debug|Any CPU.ActiveCfg = Debug|Any CPU
		{D7ABFF85-34C3-4713-8F5E-957255CDB537}.Debug|Any CPU.Build.0 = Debug|Any CPU
		{D7ABFF85-34C3-4713-8F5E-957255CDB537}.Release|Any CPU.ActiveCfg = Release|Any CPU
		{D7ABFF85-34C3-4713-8F5E-957255CDB537}.Release|Any CPU.Build.0 = Release|Any CPU
	EndGlobalSection
	GlobalSection(SolutionProperties) = preSolution
		HideSolutionNode = FALSE
	EndGlobalSection
	GlobalSection(ExtensibilityGlobals) = postSolution
		SolutionGuid = {A2272705-A66E-4D98-8394-88101F6479CD}
	EndGlobalSection
EndGlobal
